<?xml version="1.0" encoding="utf-8"?>
<Project ToolsVersion="4.0" xmlns="http://schemas.microsoft.com/developer/msbuild/2003">
  <ItemGroup>
    <Filter Include="Source Files">
      <UniqueIdentifier>{4FC737F1-C7A5-4376-A066-2A32D752A2FF}</UniqueIdentifier>
      <Extensions>cpp;c;cc;cxx;c++;cppm;ixx;def;odl;idl;hpj;bat;asm;asmx</Extensions>
    </Filter>
    <Filter Include="Resource Files">
      <UniqueIdentifier>{67DA6AB6-F800-4c08-8B7A-83BB121AAD01}</UniqueIdentifier>
      <Extensions>rc;ico;cur;bmp;dlg;rc2;rct;bin;rgs;gif;jpg;jpeg;jpe;resx;tiff;tif;png;wav;mfcribbon-ms</Extensions>
    </Filter>
    <Filter Include="Source Files\glfw">
      <UniqueIdentifier>{63f6cedb-86f5-422b-af07-0bb93d408b5d}</UniqueIdentifier>
    </Filter>
    <Filter Include="Source Files\xml">
      <UniqueIdentifier>{1dbbed56-b0ff-48b7-bac5-1fb9c69d9fee}</UniqueIdentifier>
    </Filter>
    <Filter Include="Source Files\consts">
      <UniqueIdentifier>{f6f6ce66-b9d0-4bb6-84bb-9c1af96dcfc6}</UniqueIdentifier>
    </Filter>
  </ItemGroup>
  <ItemGroup>
    <ClInclude Include="glfw\include\GLFW\glfw3.h">
      <Filter>Source Files\glfw</Filter>
    </ClInclude>
    <ClInclude Include="glfw\include\GLFW\glfw3native.h">
      <Filter>Source Files\glfw</Filter>
    </ClInclude>
    <ClInclude Include="lib\tinyxml2\tinyxml2.h">
      <Filter>Source Files\xml</Filter>
    </ClInclude>
    <ClInclude Include="Audio.h">
      <Filter>Source Files</Filter>
    </ClInclude>
    <ClInclude Include="Console.h">
      <Filter>Source Files</Filter>
    </ClInclude>
    <ClInclude Include="FitnessDeviceManager.h">
      <Filter>Source Files</Filter>
    </ClInclude>
    <ClInclude Include="framework.h">
      <Filter>Source Files</Filter>
    </ClInclude>
    <ClInclude Include="GameCritical.h">
      <Filter>Source Files</Filter>
    </ClInclude>
    <ClInclude Include="Logging.h">
      <Filter>Source Files</Filter>
    </ClInclude>
    <ClInclude Include="RenderTarget.h">
      <Filter>Source Files</Filter>
    </ClInclude>
    <ClInclude Include="Resource.h">
      <Filter>Source Files</Filter>
    </ClInclude>
    <ClInclude Include="targetver.h">
      <Filter>Source Files</Filter>
    </ClInclude>
    <ClInclude Include="UI_Dialogs.h">
      <Filter>Source Files</Filter>
    </ClInclude>
    <ClInclude Include="ZMutex.h">
      <Filter>Source Files</Filter>
    </ClInclude>
    <ClInclude Include="ZNoesis.h">
      <Filter>Source Files</Filter>
    </ClInclude>
    <ClInclude Include="ZwiftApp.h">
      <Filter>Source Files</Filter>
    </ClInclude>
    <ClInclude Include="GameWorld.h" />
    <ClInclude Include="EventSystem.h" />
    <ClInclude Include="consts\glfw3.h">
      <Filter>Source Files\consts</Filter>
    </ClInclude>
    <ClInclude Include="consts\libzwiftjni.so.h">
      <Filter>Source Files\consts</Filter>
    </ClInclude>
    <ClInclude Include="CrashReporting.h" />
    <ClInclude Include="Experimentation.h" />
  </ItemGroup>
  <ItemGroup>
    <ClCompile Include="ZwiftApp.cpp">
      <Filter>Source Files</Filter>
    </ClCompile>
    <ClCompile Include="InitApplication.cpp">
      <Filter>Source Files</Filter>
    </ClCompile>
    <ClCompile Include="Logging.cpp">
      <Filter>Source Files</Filter>
    </ClCompile>
    <ClCompile Include="ZMutex.cpp">
      <Filter>Source Files</Filter>
    </ClCompile>
    <ClCompile Include="ZNoesis.cpp">
      <Filter>Source Files</Filter>
    </ClCompile>
    <ClCompile Include="UI_Dialogs.cpp">
      <Filter>Source Files</Filter>
    </ClCompile>
    <ClCompile Include="Console.cpp">
      <Filter>Source Files</Filter>
    </ClCompile>
    <ClCompile Include="FitnessDeviceManager.cpp">
      <Filter>Source Files</Filter>
    </ClCompile>
    <ClCompile Include="RenderTarget.cpp">
      <Filter>Source Files</Filter>
    </ClCompile>
    <ClCompile Include="GameCritical.cpp">
      <Filter>Source Files</Filter>
    </ClCompile>
    <ClCompile Include="Audio.cpp">
      <Filter>Source Files</Filter>
    </ClCompile>
    <ClCompile Include="lib\tinyxml2\tinyxml2.cpp">
      <Filter>Source Files\xml</Filter>
    </ClCompile>
    <ClCompile Include="GameWorld.cpp">
      <Filter>Source Files</Filter>
    </ClCompile>
    <ClCompile Include="EventSystem.cpp">
      <Filter>Source Files</Filter>
    </ClCompile>
    <ClCompile Include="consts\libzwiftjni.so.c">
      <Filter>Source Files\consts</Filter>
    </ClCompile>
    <ClCompile Include="CrashReporting.cpp">
      <Filter>Source Files</Filter>
    </ClCompile>
    <ClCompile Include="Experimentation.cpp">
      <Filter>Source Files</Filter>
    </ClCompile>
  </ItemGroup>
  <ItemGroup>
    <ResourceCompile Include="ZwiftApp.rc">
      <Filter>Resource Files</Filter>
    </ResourceCompile>
  </ItemGroup>
  <ItemGroup>
    <Image Include="small.ico">
      <Filter>Resource Files</Filter>
    </Image>
    <Image Include="ZwiftApp.ico">
      <Filter>Resource Files</Filter>
    </Image>
  </ItemGroup>
</Project>